{
    "name": "@sakirtemel/plantuml.js",
    "version": "1.0.1",
    "lockfileVersion": 3,
    "requires": true,
    "packages": {
        "": {
            "name": "@sakirtemel/plantuml.js",
            "version": "1.0.1",
            "license": "MIT",
            "dependencies": {
                "@sakirtemel/plantuml.js": "file:"
            }
        },
        "node_modules/@sakirtemel/plantuml.js": {
            "resolved": "",
            "link": true
        }
    }
}
